
Microsoft Visual Studio Solution File, Format Version 12.00
# Visual Studio Version 16
VisualStudioVersion = 16.0.31205.134
MinimumVisualStudioVersion = 10.0.40219.1
Project("{FAE04EC0-301F-11D3-BF4B-00C04F79EFBC}") = "Registro_InfoToolsSV", "Registro_InfoToolsSV.csproj", "{00D8D2D2-1A0F-4A3F-9293-ABDDE3467985}"
EndProject
Global
	GlobalSection(SolutionConfigurationPlatforms) = preSolution
		Debug|Any CPU = Debug|Any CPU
		Release|Any CPU = Release|Any CPU
	EndGlobalSection
	GlobalSection(ProjectConfigurationPlatforms) = postSolution
		{00D8D2D2-1A0F-4A3F-9293-ABDDE3467985}.Debug|Any CPU.ActiveCfg = Debug|Any CPU
		{00D8D2D2-1A0F-4A3F-9293-ABDDE3467985}.Debug|Any CPU.Build.0 = Debug|Any CPU
		{00D8D2D2-1A0F-4A3F-9293-ABDDE3467985}.Release|Any CPU.ActiveCfg = Release|Any CPU
		{00D8D2D2-1A0F-4A3F-9293-ABDDE3467985}.Release|Any CPU.Build.0 = Release|Any CPU
	EndGlobalSection
	GlobalSection(SolutionProperties) = preSolution
		HideSolutionNode = FALSE
	EndGlobalSection
	GlobalSection(ExtensibilityGlobals) = postSolution
		SolutionGuid = {22947996-B80A-4D90-80AB-D579C5219B77}
	EndGlobalSection
EndGlobal
